
Microsoft Visual Studio Solution File, Format Version 12.00
# Visual Studio 2013
VisualStudioVersion = 12.0.21005.1
MinimumVisualStudioVersion = 10.0.40219.1
Project("{2150E333-8FDC-42A3-9474-1A3956D46DE8}") = "区中心系统", "区中心系统", "{CE150FB6-CF5F-4202-A9E7-6F921503711E}"
EndProject
Project("{2150E333-8FDC-42A3-9474-1A3956D46DE8}") = "学校客户端", "学校客户端", "{C85061C9-C71C-4378-B00B-CB824A4495FD}"
EndProject
Project("{2150E333-8FDC-42A3-9474-1A3956D46DE8}") = "教师机客户端", "教师机客户端", "{6136127D-36B9-4C1C-ABC0-D807E8474E66}"
EndProject
Project("{2150E333-8FDC-42A3-9474-1A3956D46DE8}") = "学生机客户端", "学生机客户端", "{E5FAA88B-7CE6-466B-81CE-F67EC86FF069}"
EndProject
Project("{2150E333-8FDC-42A3-9474-1A3956D46DE8}") = "管理工具", "管理工具", "{82AA3058-434A-4FB6-B939-C3222456E27C}"
EndProject
Project("{2150E333-8FDC-42A3-9474-1A3956D46DE8}") = "区中心网站", "区中心网站", "{289A3AF0-5C94-4CFF-B808-23CBEF8B97A8}"
EndProject
Project("{2150E333-8FDC-42A3-9474-1A3956D46DE8}") = "测试", "测试", "{90FFFD81-06E0-49BC-A3A4-A027793A8E49}"
EndProject
Project("{2150E333-8FDC-42A3-9474-1A3956D46DE8}") = "工具", "工具", "{CF1DBF66-95B6-46F5-AB40-5FD7516F5BD2}"
EndProject
Project("{FAE04EC0-301F-11D3-BF4B-00C04F79EFBC}") = "Yaesoft.SFIT.Client", "Yaesoft.SFIT.Client\Yaesoft.SFIT.Client.csproj", "{C554437A-4D0A-4365-9FD1-26D1825FC9E4}"
EndProject
Project("{FAE04EC0-301F-11D3-BF4B-00C04F79EFBC}") = "Yaesoft.SFIT.ClientStudent", "Yaesoft.SFIT.ClientStudent\Yaesoft.SFIT.ClientStudent.csproj", "{C3C79586-F43D-4875-B18C-CFB3108EBD95}"
EndProject
Project("{FAE04EC0-301F-11D3-BF4B-00C04F79EFBC}") = "Yaesoft.SFIT.Client.TeaHost", "Yaesoft.SFIT.Client.TeaHost\Yaesoft.SFIT.Client.TeaHost.csproj", "{2E1AEEB0-0216-4C0C-ADCD-B419D724765B}"
EndProject
Project("{FAE04EC0-301F-11D3-BF4B-00C04F79EFBC}") = "Yaesoft.SFIT.Client.AutoUpdate", "Yaesoft.SFIT.Client.AutoUpdate\Yaesoft.SFIT.Client.AutoUpdate.csproj", "{D10FF7F6-09A6-4023-87C5-20A8AB77F85B}"
EndProject
Project("{FAE04EC0-301F-11D3-BF4B-00C04F79EFBC}") = "Yaesoft.SFIT.Management", "Yaesoft.SFIT.Management\Yaesoft.SFIT.Management.csproj", "{FA7165EB-27DD-454B-804C-ADB1168FFBF6}"
EndProject
Project("{FAE04EC0-301F-11D3-BF4B-00C04F79EFBC}") = "Yaesoft.SFIT.DataSync", "Yaesoft.SFIT.DataSync\Yaesoft.SFIT.DataSync.csproj", "{D9C938BB-0399-4D95-BC9C-7D64FB1C8434}"
EndProject
Project("{FAE04EC0-301F-11D3-BF4B-00C04F79EFBC}") = "Yaesoft.Furong", "Yaesoft.Furong\Yaesoft.Furong.csproj", "{67E73266-2783-4139-BFC3-D2C7FBC42FB1}"
EndProject
Project("{FAE04EC0-301F-11D3-BF4B-00C04F79EFBC}") = "Yaesoft.iCampus", "Yaesoft.iCampus\Yaesoft.iCampus.csproj", "{7D4F727D-AA93-4FFB-ABCB-C0B309BB7784}"
EndProject
Project("{FAE04EC0-301F-11D3-BF4B-00C04F79EFBC}") = "Yaesoft.SFIT", "Yaesoft.SFIT\Yaesoft.SFIT.csproj", "{4FD4EFD8-C7E9-4A7E-A7EB-1B549FF5582B}"
EndProject
Project("{FAE04EC0-301F-11D3-BF4B-00C04F79EFBC}") = "Yaesoft.SFIT.AutoUpdateService", "Yaesoft.SFIT.AutoUpdateService\Yaesoft.SFIT.AutoUpdateService.csproj", "{CB1FF951-098A-4243-9D57-AB25AD760C1F}"
EndProject
Project("{FAE04EC0-301F-11D3-BF4B-00C04F79EFBC}") = "Yaesoft.SFIT.Documents", "Yaesoft.SFIT.Documents\Yaesoft.SFIT.Documents.csproj", "{28F084AA-212B-4259-A723-130F19ED3261}"
EndProject
Project("{FAE04EC0-301F-11D3-BF4B-00C04F79EFBC}") = "Yaesoft.SFIT.Resources", "Yaesoft.SFIT.Resources\Yaesoft.SFIT.Resources.csproj", "{735FED15-2A42-4C6A-984E-6C8C9C2F642A}"
EndProject
Project("{FAE04EC0-301F-11D3-BF4B-00C04F79EFBC}") = "Yaesoft.SFIT.Engine", "Yeasoft.SFIT.Engine\Yaesoft.SFIT.Engine.csproj", "{27A1F808-7AA7-4B4F-A700-20AB60720D12}"
EndProject
Project("{FAE04EC0-301F-11D3-BF4B-00C04F79EFBC}") = "Yaesoft.SFIT.Web", "Yaesoft.SFIT.Web\Yaesoft.SFIT.Web.csproj", "{E98ECFCA-4518-4CF7-B711-51146A4C04E5}"
EndProject
Project("{FAE04EC0-301F-11D3-BF4B-00C04F79EFBC}") = "Yaesoft.SFIT.AccessoriesUtils", "Yaesoft.SFIT.AccessoriesUtils\Yaesoft.SFIT.AccessoriesUtils.csproj", "{AFF48148-C5CA-4AF7-9C9F-DCD2E81991B3}"
EndProject
Project("{FAE04EC0-301F-11D3-BF4B-00C04F79EFBC}") = "Yaesoft.SFIT.FurongSyncService", "Yaesoft.SFIT.FurongSyncService\Yaesoft.SFIT.FurongSyncService.csproj", "{0D47AC64-CE5B-487C-9BA4-C85B99277F95}"
EndProject
Project("{FAE04EC0-301F-11D3-BF4B-00C04F79EFBC}") = "OldWorksToNew", "OldWorksToNew\OldWorksToNew.csproj", "{2B6695B0-D6EF-4CCB-9CA9-99E98D49F55D}"
EndProject
Project("{FAE04EC0-301F-11D3-BF4B-00C04F79EFBC}") = "Yaesoft.Furong.Test", "Yaesoft.Furong.Test\Yaesoft.Furong.Test.csproj", "{E804B3DD-BFD1-4B3B-BD4F-5C8FC3DF3532}"
EndProject
Project("{FAE04EC0-301F-11D3-BF4B-00C04F79EFBC}") = "FileStorageTransferTools", "FileStorageTransferTools\FileStorageTransferTools.csproj", "{8D3147F7-68F2-4688-9046-B015A4617B2A}"
EndProject
Global
	GlobalSection(SolutionConfigurationPlatforms) = preSolution
		Debug|Any CPU = Debug|Any CPU
		Release|Any CPU = Release|Any CPU
	EndGlobalSection
	GlobalSection(ProjectConfigurationPlatforms) = postSolution
		{C554437A-4D0A-4365-9FD1-26D1825FC9E4}.Debug|Any CPU.ActiveCfg = Debug|Any CPU
		{C554437A-4D0A-4365-9FD1-26D1825FC9E4}.Debug|Any CPU.Build.0 = Debug|Any CPU
		{C554437A-4D0A-4365-9FD1-26D1825FC9E4}.Release|Any CPU.ActiveCfg = Release|Any CPU
		{C554437A-4D0A-4365-9FD1-26D1825FC9E4}.Release|Any CPU.Build.0 = Release|Any CPU
		{C3C79586-F43D-4875-B18C-CFB3108EBD95}.Debug|Any CPU.ActiveCfg = Debug|Any CPU
		{C3C79586-F43D-4875-B18C-CFB3108EBD95}.Debug|Any CPU.Build.0 = Debug|Any CPU
		{C3C79586-F43D-4875-B18C-CFB3108EBD95}.Release|Any CPU.ActiveCfg = Release|Any CPU
		{C3C79586-F43D-4875-B18C-CFB3108EBD95}.Release|Any CPU.Build.0 = Release|Any CPU
		{2E1AEEB0-0216-4C0C-ADCD-B419D724765B}.Debug|Any CPU.ActiveCfg = Debug|Any CPU
		{2E1AEEB0-0216-4C0C-ADCD-B419D724765B}.Debug|Any CPU.Build.0 = Debug|Any CPU
		{2E1AEEB0-0216-4C0C-ADCD-B419D724765B}.Release|Any CPU.ActiveCfg = Release|Any CPU
		{2E1AEEB0-0216-4C0C-ADCD-B419D724765B}.Release|Any CPU.Build.0 = Release|Any CPU
		{D10FF7F6-09A6-4023-87C5-20A8AB77F85B}.Debug|Any CPU.ActiveCfg = Debug|Any CPU
		{D10FF7F6-09A6-4023-87C5-20A8AB77F85B}.Debug|Any CPU.Build.0 = Debug|Any CPU
		{D10FF7F6-09A6-4023-87C5-20A8AB77F85B}.Release|Any CPU.ActiveCfg = Release|Any CPU
		{D10FF7F6-09A6-4023-87C5-20A8AB77F85B}.Release|Any CPU.Build.0 = Release|Any CPU
		{FA7165EB-27DD-454B-804C-ADB1168FFBF6}.Debug|Any CPU.ActiveCfg = Debug|Any CPU
		{FA7165EB-27DD-454B-804C-ADB1168FFBF6}.Debug|Any CPU.Build.0 = Debug|Any CPU
		{FA7165EB-27DD-454B-804C-ADB1168FFBF6}.Release|Any CPU.ActiveCfg = Release|Any CPU
		{FA7165EB-27DD-454B-804C-ADB1168FFBF6}.Release|Any CPU.Build.0 = Release|Any CPU
		{D9C938BB-0399-4D95-BC9C-7D64FB1C8434}.Debug|Any CPU.ActiveCfg = Debug|Any CPU
		{D9C938BB-0399-4D95-BC9C-7D64FB1C8434}.Debug|Any CPU.Build.0 = Debug|Any CPU
		{D9C938BB-0399-4D95-BC9C-7D64FB1C8434}.Release|Any CPU.ActiveCfg = Release|Any CPU
		{D9C938BB-0399-4D95-BC9C-7D64FB1C8434}.Release|Any CPU.Build.0 = Release|Any CPU
		{67E73266-2783-4139-BFC3-D2C7FBC42FB1}.Debug|Any CPU.ActiveCfg = Debug|Any CPU
		{67E73266-2783-4139-BFC3-D2C7FBC42FB1}.Debug|Any CPU.Build.0 = Debug|Any CPU
		{67E73266-2783-4139-BFC3-D2C7FBC42FB1}.Release|Any CPU.ActiveCfg = Release|Any CPU
		{67E73266-2783-4139-BFC3-D2C7FBC42FB1}.Release|Any CPU.Build.0 = Release|Any CPU
		{7D4F727D-AA93-4FFB-ABCB-C0B309BB7784}.Debug|Any CPU.ActiveCfg = Debug|Any CPU
		{7D4F727D-AA93-4FFB-ABCB-C0B309BB7784}.Debug|Any CPU.Build.0 = Debug|Any CPU
		{7D4F727D-AA93-4FFB-ABCB-C0B309BB7784}.Release|Any CPU.ActiveCfg = Release|Any CPU
		{7D4F727D-AA93-4FFB-ABCB-C0B309BB7784}.Release|Any CPU.Build.0 = Release|Any CPU
		{4FD4EFD8-C7E9-4A7E-A7EB-1B549FF5582B}.Debug|Any CPU.ActiveCfg = Debug|Any CPU
		{4FD4EFD8-C7E9-4A7E-A7EB-1B549FF5582B}.Debug|Any CPU.Build.0 = Debug|Any CPU
		{4FD4EFD8-C7E9-4A7E-A7EB-1B549FF5582B}.Release|Any CPU.ActiveCfg = Release|Any CPU
		{4FD4EFD8-C7E9-4A7E-A7EB-1B549FF5582B}.Release|Any CPU.Build.0 = Release|Any CPU
		{CB1FF951-098A-4243-9D57-AB25AD760C1F}.Debug|Any CPU.ActiveCfg = Debug|Any CPU
		{CB1FF951-098A-4243-9D57-AB25AD760C1F}.Debug|Any CPU.Build.0 = Debug|Any CPU
		{CB1FF951-098A-4243-9D57-AB25AD760C1F}.Release|Any CPU.ActiveCfg = Release|Any CPU
		{CB1FF951-098A-4243-9D57-AB25AD760C1F}.Release|Any CPU.Build.0 = Release|Any CPU
		{28F084AA-212B-4259-A723-130F19ED3261}.Debug|Any CPU.ActiveCfg = Debug|Any CPU
		{28F084AA-212B-4259-A723-130F19ED3261}.Debug|Any CPU.Build.0 = Debug|Any CPU
		{28F084AA-212B-4259-A723-130F19ED3261}.Release|Any CPU.ActiveCfg = Release|Any CPU
		{28F084AA-212B-4259-A723-130F19ED3261}.Release|Any CPU.Build.0 = Release|Any CPU
		{735FED15-2A42-4C6A-984E-6C8C9C2F642A}.Debug|Any CPU.ActiveCfg = Debug|Any CPU
		{735FED15-2A42-4C6A-984E-6C8C9C2F642A}.Debug|Any CPU.Build.0 = Debug|Any CPU
		{735FED15-2A42-4C6A-984E-6C8C9C2F642A}.Release|Any CPU.ActiveCfg = Release|Any CPU
		{735FED15-2A42-4C6A-984E-6C8C9C2F642A}.Release|Any CPU.Build.0 = Release|Any CPU
		{27A1F808-7AA7-4B4F-A700-20AB60720D12}.Debug|Any CPU.ActiveCfg = Debug|Any CPU
		{27A1F808-7AA7-4B4F-A700-20AB60720D12}.Debug|Any CPU.Build.0 = Debug|Any CPU
		{27A1F808-7AA7-4B4F-A700-20AB60720D12}.Release|Any CPU.ActiveCfg = Release|Any CPU
		{27A1F808-7AA7-4B4F-A700-20AB60720D12}.Release|Any CPU.Build.0 = Release|Any CPU
		{E98ECFCA-4518-4CF7-B711-51146A4C04E5}.Debug|Any CPU.ActiveCfg = Debug|Any CPU
		{E98ECFCA-4518-4CF7-B711-51146A4C04E5}.Debug|Any CPU.Build.0 = Debug|Any CPU
		{E98ECFCA-4518-4CF7-B711-51146A4C04E5}.Release|Any CPU.ActiveCfg = Release|Any CPU
		{E98ECFCA-4518-4CF7-B711-51146A4C04E5}.Release|Any CPU.Build.0 = Release|Any CPU
		{AFF48148-C5CA-4AF7-9C9F-DCD2E81991B3}.Debug|Any CPU.ActiveCfg = Debug|Any CPU
		{AFF48148-C5CA-4AF7-9C9F-DCD2E81991B3}.Debug|Any CPU.Build.0 = Debug|Any CPU
		{AFF48148-C5CA-4AF7-9C9F-DCD2E81991B3}.Release|Any CPU.ActiveCfg = Release|Any CPU
		{AFF48148-C5CA-4AF7-9C9F-DCD2E81991B3}.Release|Any CPU.Build.0 = Release|Any CPU
		{0D47AC64-CE5B-487C-9BA4-C85B99277F95}.Debug|Any CPU.ActiveCfg = Debug|Any CPU
		{0D47AC64-CE5B-487C-9BA4-C85B99277F95}.Debug|Any CPU.Build.0 = Debug|Any CPU
		{0D47AC64-CE5B-487C-9BA4-C85B99277F95}.Release|Any CPU.ActiveCfg = Release|Any CPU
		{0D47AC64-CE5B-487C-9BA4-C85B99277F95}.Release|Any CPU.Build.0 = Release|Any CPU
		{2B6695B0-D6EF-4CCB-9CA9-99E98D49F55D}.Debug|Any CPU.ActiveCfg = Debug|Any CPU
		{2B6695B0-D6EF-4CCB-9CA9-99E98D49F55D}.Debug|Any CPU.Build.0 = Debug|Any CPU
		{2B6695B0-D6EF-4CCB-9CA9-99E98D49F55D}.Release|Any CPU.ActiveCfg = Release|Any CPU
		{2B6695B0-D6EF-4CCB-9CA9-99E98D49F55D}.Release|Any CPU.Build.0 = Release|Any CPU
		{E804B3DD-BFD1-4B3B-BD4F-5C8FC3DF3532}.Debug|Any CPU.ActiveCfg = Debug|Any CPU
		{E804B3DD-BFD1-4B3B-BD4F-5C8FC3DF3532}.Debug|Any CPU.Build.0 = Debug|Any CPU
		{E804B3DD-BFD1-4B3B-BD4F-5C8FC3DF3532}.Release|Any CPU.ActiveCfg = Release|Any CPU
		{E804B3DD-BFD1-4B3B-BD4F-5C8FC3DF3532}.Release|Any CPU.Build.0 = Release|Any CPU
		{8D3147F7-68F2-4688-9046-B015A4617B2A}.Debug|Any CPU.ActiveCfg = Debug|Any CPU
		{8D3147F7-68F2-4688-9046-B015A4617B2A}.Debug|Any CPU.Build.0 = Debug|Any CPU
		{8D3147F7-68F2-4688-9046-B015A4617B2A}.Release|Any CPU.ActiveCfg = Release|Any CPU
		{8D3147F7-68F2-4688-9046-B015A4617B2A}.Release|Any CPU.Build.0 = Release|Any CPU
	EndGlobalSection
	GlobalSection(SolutionProperties) = preSolution
		HideSolutionNode = FALSE
	EndGlobalSection
	GlobalSection(NestedProjects) = preSolution
		{D9C938BB-0399-4D95-BC9C-7D64FB1C8434} = {CE150FB6-CF5F-4202-A9E7-6F921503711E}
		{67E73266-2783-4139-BFC3-D2C7FBC42FB1} = {CE150FB6-CF5F-4202-A9E7-6F921503711E}
		{7D4F727D-AA93-4FFB-ABCB-C0B309BB7784} = {CE150FB6-CF5F-4202-A9E7-6F921503711E}
		{4FD4EFD8-C7E9-4A7E-A7EB-1B549FF5582B} = {CE150FB6-CF5F-4202-A9E7-6F921503711E}
		{CB1FF951-098A-4243-9D57-AB25AD760C1F} = {CE150FB6-CF5F-4202-A9E7-6F921503711E}
		{735FED15-2A42-4C6A-984E-6C8C9C2F642A} = {CE150FB6-CF5F-4202-A9E7-6F921503711E}
		{0D47AC64-CE5B-487C-9BA4-C85B99277F95} = {CE150FB6-CF5F-4202-A9E7-6F921503711E}
		{6136127D-36B9-4C1C-ABC0-D807E8474E66} = {C85061C9-C71C-4378-B00B-CB824A4495FD}
		{E5FAA88B-7CE6-466B-81CE-F67EC86FF069} = {C85061C9-C71C-4378-B00B-CB824A4495FD}
		{82AA3058-434A-4FB6-B939-C3222456E27C} = {C85061C9-C71C-4378-B00B-CB824A4495FD}
		{C554437A-4D0A-4365-9FD1-26D1825FC9E4} = {6136127D-36B9-4C1C-ABC0-D807E8474E66}
		{2E1AEEB0-0216-4C0C-ADCD-B419D724765B} = {6136127D-36B9-4C1C-ABC0-D807E8474E66}
		{D10FF7F6-09A6-4023-87C5-20A8AB77F85B} = {6136127D-36B9-4C1C-ABC0-D807E8474E66}
		{C3C79586-F43D-4875-B18C-CFB3108EBD95} = {E5FAA88B-7CE6-466B-81CE-F67EC86FF069}
		{FA7165EB-27DD-454B-804C-ADB1168FFBF6} = {82AA3058-434A-4FB6-B939-C3222456E27C}
		{2B6695B0-D6EF-4CCB-9CA9-99E98D49F55D} = {82AA3058-434A-4FB6-B939-C3222456E27C}
		{28F084AA-212B-4259-A723-130F19ED3261} = {289A3AF0-5C94-4CFF-B808-23CBEF8B97A8}
		{27A1F808-7AA7-4B4F-A700-20AB60720D12} = {289A3AF0-5C94-4CFF-B808-23CBEF8B97A8}
		{E98ECFCA-4518-4CF7-B711-51146A4C04E5} = {289A3AF0-5C94-4CFF-B808-23CBEF8B97A8}
		{AFF48148-C5CA-4AF7-9C9F-DCD2E81991B3} = {289A3AF0-5C94-4CFF-B808-23CBEF8B97A8}
		{E804B3DD-BFD1-4B3B-BD4F-5C8FC3DF3532} = {90FFFD81-06E0-49BC-A3A4-A027793A8E49}
		{8D3147F7-68F2-4688-9046-B015A4617B2A} = {CF1DBF66-95B6-46F5-AB40-5FD7516F5BD2}
	EndGlobalSection
EndGlobal
